// !$*UTF8*$!
{
	archiveVersion = 1;
	classes = {
	};
	objectVersion = 50;
	objects = {

/* Begin PBXBuildFile section */
		C9FF7C89228290AE005A5D81 /* AppDelegate.swift in Sources */ = {isa = PBXBuildFile; fileRef = C9FF7C88228290AE005A5D81 /* AppDelegate.swift */; };
		C9FF7C8B228290AE005A5D81 /* ViewController.swift in Sources */ = {isa = PBXBuildFile; fileRef = C9FF7C8A228290AE005A5D81 /* ViewController.swift */; };
		C9FF7C8E228290AF005A5D81 /* Main.storyboard in Resources */ = {isa = PBXBuildFile; fileRef = C9FF7C8C228290AE005A5D81 /* Main.storyboard */; };
		C9FF7C90228290B0005A5D81 /* Assets.xcassets in Resources */ = {isa = PBXBuildFile; fileRef = C9FF7C8F228290B0005A5D81 /* Assets.xcassets */; };
		C9FF7C93228290B0005A5D81 /* LaunchScreen.storyboard in Resources */ = {isa = PBXBuildFile; fileRef = C9FF7C91228290B0005A5D81 /* LaunchScreen.storyboard */; };
		C9FF7C9E228290B0005A5D81 /* cobaGitTests.swift in Sources */ = {isa = PBXBuildFile; fileRef = C9FF7C9D228290B0005A5D81 /* cobaGitTests.swift */; };
		C9FF7CA9228290B0005A5D81 /* cobaGitUITests.swift in Sources */ = {isa = PBXBuildFile; fileRef = C9FF7CA8228290B0005A5D81 /* cobaGitUITests.swift */; };
/* End PBXBuildFile section */

/* Begin PBXContainerItemProxy section */
		C9FF7C9A228290B0005A5D81 /* PBXContainerItemProxy */ = {
			isa = PBXContainerItemProxy;
			containerPortal = C9FF7C7D228290AE005A5D81 /* Project object */;
			proxyType = 1;
			remoteGlobalIDString = C9FF7C84228290AE005A5D81;
			remoteInfo = cobaGit;
		};
		C9FF7CA5228290B0005A5D81 /* PBXContainerItemProxy */ = {
			isa = PBXContainerItemProxy;
			containerPortal = C9FF7C7D228290AE005A5D81 /* Project object */;
			proxyType = 1;
			remoteGlobalIDString = C9FF7C84228290AE005A5D81;
			remoteInfo = cobaGit;
		};
/* End PBXContainerItemProxy section */

/* Begin PBXFileReference section */
		C9FF7C85228290AE005A5D81 /* cobaGit.app */ = {isa = PBXFileReference; explicitFileType = wrapper.application; includeInIndex = 0; path = cobaGit.app; sourceTree = BUILT_PRODUCTS_DIR; };
		C9FF7C88228290AE005A5D81 /* AppDelegate.swift */ = {isa = PBXFileReference; lastKnownFileType = sourcecode.swift; path = AppDelegate.swift; sourceTree = "<group>"; };
		C9FF7C8A228290AE005A5D81 /* ViewController.swift */ = {isa = PBXFileReference; lastKnownFileType = sourcecode.swift; path = ViewController.swift; sourceTree = "<group>"; };
		C9FF7C8D228290AE005A5D81 /* Base */ = {isa = PBXFileReference; lastKnownFileType = file.storyboard; name = Base; path = Base.lproj/Main.storyboard; sourceTree = "<group>"; };
		C9FF7C8F228290B0005A5D81 /* Assets.xcassets */ = {isa = PBXFileReference; lastKnownFileType = folder.assetcatalog; path = Assets.xcassets; sourceTree = "<group>"; };
		C9FF7C92228290B0005A5D81 /* Base */ = {isa = PBXFileReference; lastKnownFileType = file.storyboard; name = Base; path = Base.lproj/LaunchScreen.storyboard; sourceTree = "<group>"; };
		C9FF7C94228290B0005A5D81 /* Info.plist */ = {isa = PBXFileReference; lastKnownFileType = text.plist.xml; path = Info.plist; sourceTree = "<group>"; };
		C9FF7C99228290B0005A5D81 /* cobaGitTests.xctest */ = {isa = PBXFileReference; explicitFileType = wrapper.cfbundle; includeInIndex = 0; path = cobaGitTests.xctest; sourceTree = BUILT_PRODUCTS_DIR; };
		C9FF7C9D228290B0005A5D81 /* cobaGitTests.swift */ = {isa = PBXFileReference; lastKnownFileType = sourcecode.swift; path = cobaGitTests.swift; sourceTree = "<group>"; };
		C9FF7C9F228290B0005A5D81 /* Info.plist */ = {isa = PBXFileReference; lastKnownFileType = text.plist.xml; path = Info.plist; sourceTree = "<group>"; };
		C9FF7CA4228290B0005A5D81 /* cobaGitUITests.xctest */ = {isa = PBXFileReference; explicitFileType = wrapper.cfbundle; includeInIndex = 0; path = cobaGitUITests.xctest; sourceTree = BUILT_PRODUCTS_DIR; };
		C9FF7CA8228290B0005A5D81 /* cobaGitUITests.swift */ = {isa = PBXFileReference; lastKnownFileType = sourcecode.swift; path = cobaGitUITests.swift; sourceTree = "<group>"; };
		C9FF7CAA228290B0005A5D81 /* Info.plist */ = {isa = PBXFileReference; lastKnownFileType = text.plist.xml; path = Info.plist; sourceTree = "<group>"; };
/* End PBXFileReference section */

/* Begin PBXFrameworksBuildPhase section */
		C9FF7C82228290AE005A5D81 /* Frameworks */ = {
			isa = PBXFrameworksBuildPhase;
			buildActionMask = 2147483647;
			files = (
			);
			runOnlyForDeploymentPostprocessing = 0;
		};
		C9FF7C96228290B0005A5D81 /* Frameworks */ = {
			isa = PBXFrameworksBuildPhase;
			buildActionMask = 2147483647;
			files = (
			);
			runOnlyForDeploymentPostprocessing = 0;
		};
		C9FF7CA1228290B0005A5D81 /* Frameworks */ = {
			isa = PBXFrameworksBuildPhase;
			buildActionMask = 2147483647;
			files = (
			);
			runOnlyForDeploymentPostprocessing = 0;
		};
/* End PBXFrameworksBuildPhase section */

/* Begin PBXGroup section */
		C9FF7C7C228290AE005A5D81 = {
			isa = PBXGroup;
			children = (
				C9FF7C87228290AE005A5D81 /* cobaGit */,
				C9FF7C9C228290B0005A5D81 /* cobaGitTests */,
				C9FF7CA7228290B0005A5D81 /* cobaGitUITests */,
				C9FF7C86228290AE005A5D81 /* Products */,
			);
			sourceTree = "<group>";
		};
		C9FF7C86228290AE005A5D81 /* Products */ = {
			isa = PBXGroup;
			children = (
				C9FF7C85228290AE005A5D81 /* cobaGit.app */,
				C9FF7C99228290B0005A5D81 /* cobaGitTests.xctest */,
				C9FF7CA4228290B0005A5D81 /* cobaGitUITests.xctest */,
			);
			name = Products;
			sourceTree = "<group>";
		};
		C9FF7C87228290AE005A5D81 /* cobaGit */ = {
			isa = PBXGroup;
			children = (
				C9FF7C88228290AE005A5D81 /* AppDelegate.swift */,
				C9FF7C8A228290AE005A5D81 /* ViewController.swift */,
				C9FF7C8C228290AE005A5D81 /* Main.storyboard */,
				C9FF7C8F228290B0005A5D81 /* Assets.xcassets */,
				C9FF7C91228290B0005A5D81 /* LaunchScreen.storyboard */,
				C9FF7C94228290B0005A5D81 /* Info.plist */,
			);
			path = cobaGit;
			sourceTree = "<group>";
		};
		C9FF7C9C228290B0005A5D81 /* cobaGitTests */ = {
			isa = PBXGroup;
			children = (
				C9FF7C9D228290B0005A5D81 /* cobaGitTests.swift */,
				C9FF7C9F228290B0005A5D81 /* Info.plist */,
			);
			path = cobaGitTests;
			sourceTree = "<group>";
		};
		C9FF7CA7228290B0005A5D81 /* cobaGitUITests */ = {
			isa = PBXGroup;
			children = (
				C9FF7CA8228290B0005A5D81 /* cobaGitUITests.swift */,
				C9FF7CAA228290B0005A5D81 /* Info.plist */,
			);
			path = cobaGitUITests;
			sourceTree = "<group>";
		};
/* End PBXGroup section */

/* Begin PBXNativeTarget section */
		C9FF7C84228290AE005A5D81 /* cobaGit */ = {
			isa = PBXNativeTarget;
			buildConfigurationList = C9FF7CAD228290B0005A5D81 /* Build configuration list for PBXNativeTarget "cobaGit" */;
			buildPhases = (
				C9FF7C81228290AE005A5D81 /* Sources */,
				C9FF7C82228290AE005A5D81 /* Frameworks */,
				C9FF7C83228290AE005A5D81 /* Resources */,
			);
			buildRules = (
			);
			dependencies = (
			);
			name = cobaGit;
			productName = cobaGit;
			productReference = C9FF7C85228290AE005A5D81 /* cobaGit.app */;
			productType = "com.apple.product-type.application";
		};
		C9FF7C98228290B0005A5D81 /* cobaGitTests */ = {
			isa = PBXNativeTarget;
			buildConfigurationList = C9FF7CB0228290B0005A5D81 /* Build configuration list for PBXNativeTarget "cobaGitTests" */;
			buildPhases = (
				C9FF7C95228290B0005A5D81 /* Sources */,
				C9FF7C96228290B0005A5D81 /* Frameworks */,
				C9FF7C97228290B0005A5D81 /* Resources */,
			);
			buildRules = (
			);
			dependencies = (
				C9FF7C9B228290B0005A5D81 /* PBXTargetDependency */,
			);
			name = cobaGitTests;
			productName = cobaGitTests;
			productReference = C9FF7C99228290B0005A5D81 /* cobaGitTests.xctest */;
			productType = "com.apple.product-type.bundle.unit-test";
		};
		C9FF7CA3228290B0005A5D81 /* cobaGitUITests */ = {
			isa = PBXNativeTarget;
			buildConfigurationList = C9FF7CB3228290B0005A5D81 /* Build configuration list for PBXNativeTarget "cobaGitUITests" */;
			buildPhases = (
				C9FF7CA0228290B0005A5D81 /* Sources */,
				C9FF7CA1228290B0005A5D81 /* Frameworks */,
				C9FF7CA2228290B0005A5D81 /* Resources */,
			);
			buildRules = (
			);
			dependencies = (
				C9FF7CA6228290B0005A5D81 /* PBXTargetDependency */,
			);
			name = cobaGitUITests;
			productName = cobaGitUITests;
			productReference = C9FF7CA4228290B0005A5D81 /* cobaGitUITests.xctest */;
			productType = "com.apple.product-type.bundle.ui-testing";
		};
/* End PBXNativeTarget section */

/* Begin PBXProject section */
		C9FF7C7D228290AE005A5D81 /* Project object */ = {
			isa = PBXProject;
			attributes = {
				LastSwiftUpdateCheck = 1010;
				LastUpgradeCheck = 1010;
				ORGANIZATIONNAME = "Marcia Kamila Rosananda";
				TargetAttributes = {
					C9FF7C84228290AE005A5D81 = {
						CreatedOnToolsVersion = 10.1;
					};
					C9FF7C98228290B0005A5D81 = {
						CreatedOnToolsVersion = 10.1;
						TestTargetID = C9FF7C84228290AE005A5D81;
					};
					C9FF7CA3228290B0005A5D81 = {
						CreatedOnToolsVersion = 10.1;
						TestTargetID = C9FF7C84228290AE005A5D81;
					};
				};
			};
			buildConfigurationList = C9FF7C80228290AE005A5D81 /* Build configuration list for PBXProject "cobaGit" */;
			compatibilityVersion = "Xcode 9.3";
			developmentRegion = en;
			hasScannedForEncodings = 0;
			knownRegions = (
				en,
				Base,
			);
			mainGroup = C9FF7C7C228290AE005A5D81;
			productRefGroup = C9FF7C86228290AE005A5D81 /* Products */;
			projectDirPath = "";
			projectRoot = "";
			targets = (
				C9FF7C84228290AE005A5D81 /* cobaGit */,
				C9FF7C98228290B0005A5D81 /* cobaGitTests */,
				C9FF7CA3228290B0005A5D81 /* cobaGitUITests */,
			);
		};
/* End PBXProject section */

/* Begin PBXResourcesBuildPhase section */
		C9FF7C83228290AE005A5D81 /* Resources */ = {
			isa = PBXResourcesBuildPhase;
			buildActionMask = 2147483647;
			files = (
				C9FF7C93228290B0005A5D81 /* LaunchScreen.storyboard in Resources */,
				C9FF7C90228290B0005A5D81 /* Assets.xcassets in Resources */,
				C9FF7C8E228290AF005A5D81 /* Main.storyboard in Resources */,
			);
			runOnlyForDeploymentPostprocessing = 0;
		};
		C9FF7C97228290B0005A5D81 /* Resources */ = {
			isa = PBXResourcesBuildPhase;
			buildActionMask = 2147483647;
			files = (
			);
			runOnlyForDeploymentPostprocessing = 0;
		};
		C9FF7CA2228290B0005A5D81 /* Resources */ = {
			isa = PBXResourcesBuildPhase;
			buildActionMask = 2147483647;
			files = (
			);
			runOnlyForDeploymentPostprocessing = 0;
		};
/* End PBXResourcesBuildPhase section */

/* Begin PBXSourcesBuildPhase section */
		C9FF7C81228290AE005A5D81 /* Sources */ = {
			isa = PBXSourcesBuildPhase;
			buildActionMask = 2147483647;
			files = (
				C9FF7C8B228290AE005A5D81 /* ViewController.swift in Sources */,
				C9FF7C89228290AE005A5D81 /* AppDelegate.swift in Sources */,
			);
			runOnlyForDeploymentPostprocessing = 0;
		};
		C9FF7C95228290B0005A5D81 /* Sources */ = {
			isa = PBXSourcesBuildPhase;
			buildActionMask = 2147483647;
			files = (
				C9FF7C9E228290B0005A5D81 /* cobaGitTests.swift in Sources */,
			);
			runOnlyForDeploymentPostprocessing = 0;
		};
		C9FF7CA0228290B0005A5D81 /* Sources */ = {
			isa = PBXSourcesBuildPhase;
			buildActionMask = 2147483647;
			files = (
				C9FF7CA9228290B0005A5D81 /* cobaGitUITests.swift in Sources */,
			);
			runOnlyForDeploymentPostprocessing = 0;
		};
/* End PBXSourcesBuildPhase section */

/* Begin PBXTargetDependency section */
		C9FF7C9B228290B0005A5D81 /* PBXTargetDependency */ = {
			isa = PBXTargetDependency;
			target = C9FF7C84228290AE005A5D81 /* cobaGit */;
			targetProxy = C9FF7C9A228290B0005A5D81 /* PBXContainerItemProxy */;
		};
		C9FF7CA6228290B0005A5D81 /* PBXTargetDependency */ = {
			isa = PBXTargetDependency;
			target = C9FF7C84228290AE005A5D81 /* cobaGit */;
			targetProxy = C9FF7CA5228290B0005A5D81 /* PBXContainerItemProxy */;
		};
/* End PBXTargetDependency section */

/* Begin PBXVariantGroup section */
		C9FF7C8C228290AE005A5D81 /* Main.storyboard */ = {
			isa = PBXVariantGroup;
			children = (
				C9FF7C8D228290AE005A5D81 /* Base */,
			);
			name = Main.storyboard;
			sourceTree = "<group>";
		};
		C9FF7C91228290B0005A5D81 /* LaunchScreen.storyboard */ = {
			isa = PBXVariantGroup;
			children = (
				C9FF7C92228290B0005A5D81 /* Base */,
			);
			name = LaunchScreen.storyboard;
			sourceTree = "<group>";
		};
/* End PBXVariantGroup section */

/* Begin XCBuildConfiguration section */
		C9FF7CAB228290B0005A5D81 /* Debug */ = {
			isa = XCBuildConfiguration;
			buildSettings = {
				ALWAYS_SEARCH_USER_PATHS = NO;
				CLANG_ANALYZER_NONNULL = YES;
				CLANG_ANALYZER_NUMBER_OBJECT_CONVERSION = YES_AGGRESSIVE;
				CLANG_CXX_LANGUAGE_STANDARD = "gnu++14";
				CLANG_CXX_LIBRARY = "libc++";
				CLANG_ENABLE_MODULES = YES;
				CLANG_ENABLE_OBJC_ARC = YES;
				CLANG_ENABLE_OBJC_WEAK = YES;
				CLANG_WARN_BLOCK_CAPTURE_AUTORELEASING = YES;
				CLANG_WARN_BOOL_CONVERSION = YES;
				CLANG_WARN_COMMA = YES;
				CLANG_WARN_CONSTANT_CONVERSION = YES;
				CLANG_WARN_DEPRECATED_OBJC_IMPLEMENTATIONS = YES;
				CLANG_WARN_DIRECT_OBJC_ISA_USAGE = YES_ERROR;
				CLANG_WARN_DOCUMENTATION_COMMENTS = YES;
				CLANG_WARN_EMPTY_BODY = YES;
				CLANG_WARN_ENUM_CONVERSION = YES;
				CLANG_WARN_INFINITE_RECURSION = YES;
				CLANG_WARN_INT_CONVERSION = YES;
				CLANG_WARN_NON_LITERAL_NULL_CONVERSION = YES;
				CLANG_WARN_OBJC_IMPLICIT_RETAIN_SELF = YES;
				CLANG_WARN_OBJC_LITERAL_CONVERSION = YES;
				CLANG_WARN_OBJC_ROOT_CLASS = YES_ERROR;
				CLANG_WARN_RANGE_LOOP_ANALYSIS = YES;
				CLANG_WARN_STRICT_PROTOTYPES = YES;
				CLANG_WARN_SUSPICIOUS_MOVE = YES;
				CLANG_WARN_UNGUARDED_AVAILABILITY = YES_AGGRESSIVE;
				CLANG_WARN_UNREACHABLE_CODE = YES;
				CLANG_WARN__DUPLICATE_METHOD_MATCH = YES;
				CODE_SIGN_IDENTITY = "iPhone Developer";
				COPY_PHASE_STRIP = NO;
				DEBUG_INFORMATION_FORMAT = dwarf;
				ENABLE_STRICT_OBJC_MSGSEND = YES;
				ENABLE_TESTABILITY = YES;
				GCC_C_LANGUAGE_STANDARD = gnu11;
				GCC_DYNAMIC_NO_PIC = NO;
				GCC_NO_COMMON_BLOCKS = YES;
				GCC_OPTIMIZATION_LEVEL = 0;
				GCC_PREPROCESSOR_DEFINITIONS = (
					"DEBUG=1",
					"$(inherited)",
				);
				GCC_WARN_64_TO_32_BIT_CONVERSION = YES;
				GCC_WARN_ABOUT_RETURN_TYPE = YES_ERROR;
				GCC_WARN_UNDECLARED_SELECTOR = YES;
				GCC_WARN_UNINITIALIZED_AUTOS = YES_AGGRESSIVE;
				GCC_WARN_UNUSED_FUNCTION = YES;
				GCC_WARN_UNUSED_VARIABLE = YES;
				IPHONEOS_DEPLOYMENT_TARGET = 12.1;
				MTL_ENABLE_DEBUG_INFO = INCLUDE_SOURCE;
				MTL_FAST_MATH = YES;
				ONLY_ACTIVE_ARCH = YES;
				SDKROOT = iphoneos;
				SWIFT_ACTIVE_COMPILATION_CONDITIONS = DEBUG;
				SWIFT_OPTIMIZATION_LEVEL = "-Onone";
			};
			name = Debug;
		};
		C9FF7CAC228290B0005A5D81 /* Release */ = {
			isa = XCBuildConfiguration;
			buildSettings = {
				ALWAYS_SEARCH_USER_PATHS = NO;
				CLANG_ANALYZER_NONNULL = YES;
				CLANG_ANALYZER_NUMBER_OBJECT_CONVERSION = YES_AGGRESSIVE;
				CLANG_CXX_LANGUAGE_STANDARD = "gnu++14";
				CLANG_CXX_LIBRARY = "libc++";
				CLANG_ENABLE_MODULES = YES;
				CLANG_ENABLE_OBJC_ARC = YES;
				CLANG_ENABLE_OBJC_WEAK = YES;
				CLANG_WARN_BLOCK_CAPTURE_AUTORELEASING = YES;
				CLANG_WARN_BOOL_CONVERSION = YES;
				CLANG_WARN_COMMA = YES;
				CLANG_WARN_CONSTANT_CONVERSION = YES;
				CLANG_WARN_DEPRECATED_OBJC_IMPLEMENTATIONS = YES;
				CLANG_WARN_DIRECT_OBJC_ISA_USAGE = YES_ERROR;
				CLANG_WARN_DOCUMENTATION_COMMENTS = YES;
				CLANG_WARN_EMPTY_BODY = YES;
				CLANG_WARN_ENUM_CONVERSION = YES;
				CLANG_WARN_INFINITE_RECURSION = YES;
				CLANG_WARN_INT_CONVERSION = YES;
				CLANG_WARN_NON_LITERAL_NULL_CONVERSION = YES;
				CLANG_WARN_OBJC_IMPLICIT_RETAIN_SELF = YES;
				CLANG_WARN_OBJC_LITERAL_CONVERSION = YES;
				CLANG_WARN_OBJC_ROOT_CLASS = YES_ERROR;
				CLANG_WARN_RANGE_LOOP_ANALYSIS = YES;
				CLANG_WARN_STRICT_PROTOTYPES = YES;
				CLANG_WARN_SUSPICIOUS_MOVE = YES;
				CLANG_WARN_UNGUARDED_AVAILABILITY = YES_AGGRESSIVE;
				CLANG_WARN_UNREACHABLE_CODE = YES;
				CLANG_WARN__DUPLICATE_METHOD_MATCH = YES;
				CODE_SIGN_IDENTITY = "iPhone Developer";
				COPY_PHASE_STRIP = NO;
				DEBUG_INFORMATION_FORMAT = "dwarf-with-dsym";
				ENABLE_NS_ASSERTIONS = NO;
				ENABLE_STRICT_OBJC_MSGSEND = YES;
				GCC_C_LANGUAGE_STANDARD = gnu11;
				GCC_NO_COMMON_BLOCKS = YES;
				GCC_WARN_64_TO_32_BIT_CONVERSION = YES;
				GCC_WARN_ABOUT_RETURN_TYPE = YES_ERROR;
				GCC_WARN_UNDECLARED_SELECTOR = YES;
				GCC_WARN_UNINITIALIZED_AUTOS = YES_AGGRESSIVE;
				GCC_WARN_UNUSED_FUNCTION = YES;
				GCC_WARN_UNUSED_VARIABLE = YES;
				IPHONEOS_DEPLOYMENT_TARGET = 12.1;
				MTL_ENABLE_DEBUG_INFO = NO;
				MTL_FAST_MATH = YES;
				SDKROOT = iphoneos;
				SWIFT_COMPILATION_MODE = wholemodule;
				SWIFT_OPTIMIZATION_LEVEL = "-O";
				VALIDATE_PRODUCT = YES;
			};
			name = Release;
		};
		C9FF7CAE228290B0005A5D81 /* Debug */ = {
			isa = XCBuildConfiguration;
			buildSettings = {
				ASSETCATALOG_COMPILER_APPICON_NAME = AppIcon;
				CODE_SIGN_STYLE = Automatic;
				INFOPLIST_FILE = cobaGit/Info.plist;
				LD_RUNPATH_SEARCH_PATHS = (
					"$(inherited)",
					"@executable_path/Frameworks",
				);
				PRODUCT_BUNDLE_IDENTIFIER = i.cobaGit;
				PRODUCT_NAME = "$(TARGET_NAME)";
				SWIFT_VERSION = 4.2;
				TARGETED_DEVICE_FAMILY = "1,2";
			};
			name = Debug;
		};
		C9FF7CAF228290B0005A5D81 /* Release */ = {
			isa = XCBuildConfiguration;
			buildSettings = {
				ASSETCATALOG_COMPILER_APPICON_NAME = AppIcon;
				CODE_SIGN_STYLE = Automatic;
				INFOPLIST_FILE = cobaGit/Info.plist;
				LD_RUNPATH_SEARCH_PATHS = (
					"$(inherited)",
					"@executable_path/Frameworks",
				);
				PRODUCT_BUNDLE_IDENTIFIER = i.cobaGit;
				PRODUCT_NAME = "$(TARGET_NAME)";
				SWIFT_VERSION = 4.2;
				TARGETED_DEVICE_FAMILY = "1,2";
			};
			name = Release;
		};
		C9FF7CB1228290B0005A5D81 /* Debug */ = {
			isa = XCBuildConfiguration;
			buildSettings = {
				ALWAYS_EMBED_SWIFT_STANDARD_LIBRARIES = YES;
				BUNDLE_LOADER = "$(TEST_HOST)";
				CODE_SIGN_STYLE = Automatic;
				INFOPLIST_FILE = cobaGitTests/Info.plist;
				LD_RUNPATH_SEARCH_PATHS = (
					"$(inherited)",
					"@executable_path/Frameworks",
					"@loader_path/Frameworks",
				);
				PRODUCT_BUNDLE_IDENTIFIER = i.cobaGitTests;
				PRODUCT_NAME = "$(TARGET_NAME)";
				SWIFT_VERSION = 4.2;
				TARGETED_DEVICE_FAMILY = "1,2";
				TEST_HOST = "$(BUILT_PRODUCTS_DIR)/cobaGit.app/cobaGit";
			};
			name = Debug;
		};
		C9FF7CB2228290B0005A5D81 /* Release */ = {
			isa = XCBuildConfiguration;
			buildSettings = {
				ALWAYS_EMBED_SWIFT_STANDARD_LIBRARIES = YES;
				BUNDLE_LOADER = "$(TEST_HOST)";
				CODE_SIGN_STYLE = Automatic;
				INFOPLIST_FILE = cobaGitTests/Info.plist;
				LD_RUNPATH_SEARCH_PATHS = (
					"$(inherited)",
					"@executable_path/Frameworks",
					"@loader_path/Frameworks",
				);
				PRODUCT_BUNDLE_IDENTIFIER = i.cobaGitTests;
				PRODUCT_NAME = "$(TARGET_NAME)";
				SWIFT_VERSION = 4.2;
				TARGETED_DEVICE_FAMILY = "1,2";
				TEST_HOST = "$(BUILT_PRODUCTS_DIR)/cobaGit.app/cobaGit";
			};
			name = Release;
		};
		C9FF7CB4228290B0005A5D81 /* Debug */ = {
			isa = XCBuildConfiguration;
			buildSettings = {
				ALWAYS_EMBED_SWIFT_STANDARD_LIBRARIES = YES;
				CODE_SIGN_STYLE = Automatic;
				INFOPLIST_FILE = cobaGitUITests/Info.plist;
				LD_RUNPATH_SEARCH_PATHS = (
					"$(inherited)",
					"@executable_path/Frameworks",
					"@loader_path/Frameworks",
				);
				PRODUCT_BUNDLE_IDENTIFIER = i.cobaGitUITests;
				PRODUCT_NAME = "$(TARGET_NAME)";
				SWIFT_VERSION = 4.2;
				TARGETED_DEVICE_FAMILY = "1,2";
				TEST_TARGET_NAME = cobaGit;
			};
			name = Debug;
		};
		C9FF7CB5228290B0005A5D81 /* Release */ = {
			isa = XCBuildConfiguration;
			buildSettings = {
				ALWAYS_EMBED_SWIFT_STANDARD_LIBRARIES = YES;
				CODE_SIGN_STYLE = Automatic;
				INFOPLIST_FILE = cobaGitUITests/Info.plist;
				LD_RUNPATH_SEARCH_PATHS = (
					"$(inherited)",
					"@executable_path/Frameworks",
					"@loader_path/Frameworks",
				);
				PRODUCT_BUNDLE_IDENTIFIER = i.cobaGitUITests;
				PRODUCT_NAME = "$(TARGET_NAME)";
				SWIFT_VERSION = 4.2;
				TARGETED_DEVICE_FAMILY = "1,2";
				TEST_TARGET_NAME = cobaGit;
			};
			name = Release;
		};
/* End XCBuildConfiguration section */

/* Begin XCConfigurationList section */
		C9FF7C80228290AE005A5D81 /* Build configuration list for PBXProject "cobaGit" */ = {
			isa = XCConfigurationList;
			buildConfigurations = (
				C9FF7CAB228290B0005A5D81 /* Debug */,
				C9FF7CAC228290B0005A5D81 /* Release */,
			);
			defaultConfigurationIsVisible = 0;
			defaultConfigurationName = Release;
		};
		C9FF7CAD228290B0005A5D81 /* Build configuration list for PBXNativeTarget "cobaGit" */ = {
			isa = XCConfigurationList;
			buildConfigurations = (
				C9FF7CAE228290B0005A5D81 /* Debug */,
				C9FF7CAF228290B0005A5D81 /* Release */,
			);
			defaultConfigurationIsVisible = 0;
			defaultConfigurationName = Release;
		};
		C9FF7CB0228290B0005A5D81 /* Build configuration list for PBXNativeTarget "cobaGitTests" */ = {
			isa = XCConfigurationList;
			buildConfigurations = (
				C9FF7CB1228290B0005A5D81 /* Debug */,
				C9FF7CB2228290B0005A5D81 /* Release */,
			);
			defaultConfigurationIsVisible = 0;
			defaultConfigurationName = Release;
		};
		C9FF7CB3228290B0005A5D81 /* Build configuration list for PBXNativeTarget "cobaGitUITests" */ = {
			isa = XCConfigurationList;
			buildConfigurations = (
				C9FF7CB4228290B0005A5D81 /* Debug */,
				C9FF7CB5228290B0005A5D81 /* Release */,
			);
			defaultConfigurationIsVisible = 0;
			defaultConfigurationName = Release;
		};
/* End XCConfigurationList section */
	};
	rootObject = C9FF7C7D228290AE005A5D81 /* Project object */;
}
